
Microsoft Visual Studio Solution File, Format Version 12.00
# Visual Studio 14
VisualStudioVersion = 14.0.25420.1
MinimumVisualStudioVersion = 10.0.40219.1
Project("{FAE04EC0-301F-11D3-BF4B-00C04F79EFBC}") = "webservice", "webservice\webservice.csproj", "{84950D04-F9E7-4597-90B9-458414C4FB55}"
EndProject
Project("{FAE04EC0-301F-11D3-BF4B-00C04F79EFBC}") = "service", "service\service.csproj", "{9DDD3A8F-7ABB-494B-B14B-FE416AA1F68D}"
EndProject
Project("{FAE04EC0-301F-11D3-BF4B-00C04F79EFBC}") = "domain", "domain\domain.csproj", "{52C5DE25-932F-473F-9F05-10AE3F0F3018}"
EndProject
Project("{FAE04EC0-301F-11D3-BF4B-00C04F79EFBC}") = "presentation", "presentation\presentation.csproj", "{90D84DFA-B695-4009-9423-402AF3A87CDD}"
EndProject
Global
	GlobalSection(SolutionConfigurationPlatforms) = preSolution
		Debug|Any CPU = Debug|Any CPU
		Release|Any CPU = Release|Any CPU
	EndGlobalSection
	GlobalSection(ProjectConfigurationPlatforms) = postSolution
		{84950D04-F9E7-4597-90B9-458414C4FB55}.Debug|Any CPU.ActiveCfg = Debug|Any CPU
		{84950D04-F9E7-4597-90B9-458414C4FB55}.Debug|Any CPU.Build.0 = Debug|Any CPU
		{84950D04-F9E7-4597-90B9-458414C4FB55}.Release|Any CPU.ActiveCfg = Release|Any CPU
		{84950D04-F9E7-4597-90B9-458414C4FB55}.Release|Any CPU.Build.0 = Release|Any CPU
		{9DDD3A8F-7ABB-494B-B14B-FE416AA1F68D}.Debug|Any CPU.ActiveCfg = Debug|Any CPU
		{9DDD3A8F-7ABB-494B-B14B-FE416AA1F68D}.Debug|Any CPU.Build.0 = Debug|Any CPU
		{9DDD3A8F-7ABB-494B-B14B-FE416AA1F68D}.Release|Any CPU.ActiveCfg = Release|Any CPU
		{9DDD3A8F-7ABB-494B-B14B-FE416AA1F68D}.Release|Any CPU.Build.0 = Release|Any CPU
		{52C5DE25-932F-473F-9F05-10AE3F0F3018}.Debug|Any CPU.ActiveCfg = Debug|Any CPU
		{52C5DE25-932F-473F-9F05-10AE3F0F3018}.Debug|Any CPU.Build.0 = Debug|Any CPU
		{52C5DE25-932F-473F-9F05-10AE3F0F3018}.Release|Any CPU.ActiveCfg = Release|Any CPU
		{52C5DE25-932F-473F-9F05-10AE3F0F3018}.Release|Any CPU.Build.0 = Release|Any CPU
		{90D84DFA-B695-4009-9423-402AF3A87CDD}.Debug|Any CPU.ActiveCfg = Debug|Any CPU
		{90D84DFA-B695-4009-9423-402AF3A87CDD}.Debug|Any CPU.Build.0 = Debug|Any CPU
		{90D84DFA-B695-4009-9423-402AF3A87CDD}.Release|Any CPU.ActiveCfg = Release|Any CPU
		{90D84DFA-B695-4009-9423-402AF3A87CDD}.Release|Any CPU.Build.0 = Release|Any CPU
	EndGlobalSection
	GlobalSection(SolutionProperties) = preSolution
		HideSolutionNode = FALSE
	EndGlobalSection
EndGlobal
